
Microsoft Visual Studio Solution File, Format Version 12.00
# Visual Studio Version 17
VisualStudioVersion = 17.11.35312.102
MinimumVisualStudioVersion = 10.0.40219.1
Project("{FAE04EC0-301F-11D3-BF4B-00C04F79EFBC}") = "BussinessObject", "BussinessObject\BussinessObject.csproj", "{4469882A-B206-4871-869B-34777B43D6BD}"
EndProject
Project("{FAE04EC0-301F-11D3-BF4B-00C04F79EFBC}") = "DataAccess", "DataAccess\DataAccess.csproj", "{F4744C37-68F8-443F-85B5-8C1EE4FA722E}"
EndProject
Project("{FAE04EC0-301F-11D3-BF4B-00C04F79EFBC}") = "BloggAPI", "BloggAPI\BloggAPI.csproj", "{4875388A-8C9B-4A94-9B60-C613F6444E84}"
EndProject
Global
	GlobalSection(SolutionConfigurationPlatforms) = preSolution
		Debug|Any CPU = Debug|Any CPU
		Release|Any CPU = Release|Any CPU
	EndGlobalSection
	GlobalSection(ProjectConfigurationPlatforms) = postSolution
		{4469882A-B206-4871-869B-34777B43D6BD}.Debug|Any CPU.ActiveCfg = Debug|Any CPU
		{4469882A-B206-4871-869B-34777B43D6BD}.Debug|Any CPU.Build.0 = Debug|Any CPU
		{4469882A-B206-4871-869B-34777B43D6BD}.Release|Any CPU.ActiveCfg = Release|Any CPU
		{4469882A-B206-4871-869B-34777B43D6BD}.Release|Any CPU.Build.0 = Release|Any CPU
		{F4744C37-68F8-443F-85B5-8C1EE4FA722E}.Debug|Any CPU.ActiveCfg = Debug|Any CPU
		{F4744C37-68F8-443F-85B5-8C1EE4FA722E}.Debug|Any CPU.Build.0 = Debug|Any CPU
		{F4744C37-68F8-443F-85B5-8C1EE4FA722E}.Release|Any CPU.ActiveCfg = Release|Any CPU
		{F4744C37-68F8-443F-85B5-8C1EE4FA722E}.Release|Any CPU.Build.0 = Release|Any CPU
		{4875388A-8C9B-4A94-9B60-C613F6444E84}.Debug|Any CPU.ActiveCfg = Debug|Any CPU
		{4875388A-8C9B-4A94-9B60-C613F6444E84}.Debug|Any CPU.Build.0 = Debug|Any CPU
		{4875388A-8C9B-4A94-9B60-C613F6444E84}.Release|Any CPU.ActiveCfg = Release|Any CPU
		{4875388A-8C9B-4A94-9B60-C613F6444E84}.Release|Any CPU.Build.0 = Release|Any CPU
	EndGlobalSection
	GlobalSection(SolutionProperties) = preSolution
		HideSolutionNode = FALSE
	EndGlobalSection
	GlobalSection(ExtensibilityGlobals) = postSolution
		SolutionGuid = {47E38677-BB9A-4B8C-BA47-34A87E173B50}
	EndGlobalSection
EndGlobal
